
Microsoft Visual Studio Solution File, Format Version 12.00
# Visual Studio Version 17
VisualStudioVersion = 17.6.33829.357
MinimumVisualStudioVersion = 10.0.40219.1
Project("{8BC9CEB8-8B4A-11D0-8D11-00A0C91BC942}") = "24723", "24723\24723.vcxproj", "{B20A7903-0AE1-4D56-A768-AF50FA6205D6}"
EndProject
Global
	GlobalSection(SolutionConfigurationPlatforms) = preSolution
		Debug|x64 = Debug|x64
		Debug|x86 = Debug|x86
		Release|x64 = Release|x64
		Release|x86 = Release|x86
	EndGlobalSection
	GlobalSection(ProjectConfigurationPlatforms) = postSolution
		{B20A7903-0AE1-4D56-A768-AF50FA6205D6}.Debug|x64.ActiveCfg = Debug|x64
		{B20A7903-0AE1-4D56-A768-AF50FA6205D6}.Debug|x64.Build.0 = Debug|x64
		{B20A7903-0AE1-4D56-A768-AF50FA6205D6}.Debug|x86.ActiveCfg = Debug|Win32
		{B20A7903-0AE1-4D56-A768-AF50FA6205D6}.Debug|x86.Build.0 = Debug|Win32
		{B20A7903-0AE1-4D56-A768-AF50FA6205D6}.Release|x64.ActiveCfg = Release|x64
		{B20A7903-0AE1-4D56-A768-AF50FA6205D6}.Release|x64.Build.0 = Release|x64
		{B20A7903-0AE1-4D56-A768-AF50FA6205D6}.Release|x86.ActiveCfg = Release|Win32
		{B20A7903-0AE1-4D56-A768-AF50FA6205D6}.Release|x86.Build.0 = Release|Win32
	EndGlobalSection
	GlobalSection(SolutionProperties) = preSolution
		HideSolutionNode = FALSE
	EndGlobalSection
	GlobalSection(ExtensibilityGlobals) = postSolution
		SolutionGuid = {4466C936-2763-4B0D-AE1D-79417F73D81E}
	EndGlobalSection
EndGlobal
