
Microsoft Visual Studio Solution File, Format Version 12.00
# Visual Studio Version 17
VisualStudioVersion = 17.6.33829.357
MinimumVisualStudioVersion = 10.0.40219.1
Project("{8BC9CEB8-8B4A-11D0-8D11-00A0C91BC942}") = "Project11", "Project11\Project11.vcxproj", "{6BCA5AFF-FE42-468F-BBE2-52DC3602EB1F}"
EndProject
Global
	GlobalSection(SolutionConfigurationPlatforms) = preSolution
		Debug|x64 = Debug|x64
		Debug|x86 = Debug|x86
		Release|x64 = Release|x64
		Release|x86 = Release|x86
	EndGlobalSection
	GlobalSection(ProjectConfigurationPlatforms) = postSolution
		{6BCA5AFF-FE42-468F-BBE2-52DC3602EB1F}.Debug|x64.ActiveCfg = Debug|x64
		{6BCA5AFF-FE42-468F-BBE2-52DC3602EB1F}.Debug|x64.Build.0 = Debug|x64
		{6BCA5AFF-FE42-468F-BBE2-52DC3602EB1F}.Debug|x86.ActiveCfg = Debug|Win32
		{6BCA5AFF-FE42-468F-BBE2-52DC3602EB1F}.Debug|x86.Build.0 = Debug|Win32
		{6BCA5AFF-FE42-468F-BBE2-52DC3602EB1F}.Release|x64.ActiveCfg = Release|x64
		{6BCA5AFF-FE42-468F-BBE2-52DC3602EB1F}.Release|x64.Build.0 = Release|x64
		{6BCA5AFF-FE42-468F-BBE2-52DC3602EB1F}.Release|x86.ActiveCfg = Release|Win32
		{6BCA5AFF-FE42-468F-BBE2-52DC3602EB1F}.Release|x86.Build.0 = Release|Win32
	EndGlobalSection
	GlobalSection(SolutionProperties) = preSolution
		HideSolutionNode = FALSE
	EndGlobalSection
	GlobalSection(ExtensibilityGlobals) = postSolution
		SolutionGuid = {D0DC7FFC-F98F-4757-8781-20D240D7A670}
	EndGlobalSection
EndGlobal
