
Microsoft Visual Studio Solution File, Format Version 12.00
# Visual Studio Version 17
VisualStudioVersion = 17.6.33829.357
MinimumVisualStudioVersion = 10.0.40219.1
Project("{8BC9CEB8-8B4A-11D0-8D11-00A0C91BC942}") = "hw1_2019124208_3", "hw1_2019124208_3\hw1_2019124208_3.vcxproj", "{BC1A2715-00D6-427E-A2EE-3AFAD7796959}"
EndProject
Global
	GlobalSection(SolutionConfigurationPlatforms) = preSolution
		Debug|x64 = Debug|x64
		Debug|x86 = Debug|x86
		Release|x64 = Release|x64
		Release|x86 = Release|x86
	EndGlobalSection
	GlobalSection(ProjectConfigurationPlatforms) = postSolution
		{BC1A2715-00D6-427E-A2EE-3AFAD7796959}.Debug|x64.ActiveCfg = Debug|x64
		{BC1A2715-00D6-427E-A2EE-3AFAD7796959}.Debug|x64.Build.0 = Debug|x64
		{BC1A2715-00D6-427E-A2EE-3AFAD7796959}.Debug|x86.ActiveCfg = Debug|Win32
		{BC1A2715-00D6-427E-A2EE-3AFAD7796959}.Debug|x86.Build.0 = Debug|Win32
		{BC1A2715-00D6-427E-A2EE-3AFAD7796959}.Release|x64.ActiveCfg = Release|x64
		{BC1A2715-00D6-427E-A2EE-3AFAD7796959}.Release|x64.Build.0 = Release|x64
		{BC1A2715-00D6-427E-A2EE-3AFAD7796959}.Release|x86.ActiveCfg = Release|Win32
		{BC1A2715-00D6-427E-A2EE-3AFAD7796959}.Release|x86.Build.0 = Release|Win32
	EndGlobalSection
	GlobalSection(SolutionProperties) = preSolution
		HideSolutionNode = FALSE
	EndGlobalSection
	GlobalSection(ExtensibilityGlobals) = postSolution
		SolutionGuid = {E31A369C-71E1-4161-B82B-218A295D09C1}
	EndGlobalSection
EndGlobal
