
Microsoft Visual Studio Solution File, Format Version 12.00
# Visual Studio Version 17
VisualStudioVersion = 17.6.33829.357
MinimumVisualStudioVersion = 10.0.40219.1
Project("{8BC9CEB8-8B4A-11D0-8D11-00A0C91BC942}") = "14470", "14470\14470.vcxproj", "{5E976B2A-81EE-4F31-830A-0239C892FCCE}"
EndProject
Global
	GlobalSection(SolutionConfigurationPlatforms) = preSolution
		Debug|x64 = Debug|x64
		Debug|x86 = Debug|x86
		Release|x64 = Release|x64
		Release|x86 = Release|x86
	EndGlobalSection
	GlobalSection(ProjectConfigurationPlatforms) = postSolution
		{5E976B2A-81EE-4F31-830A-0239C892FCCE}.Debug|x64.ActiveCfg = Debug|x64
		{5E976B2A-81EE-4F31-830A-0239C892FCCE}.Debug|x64.Build.0 = Debug|x64
		{5E976B2A-81EE-4F31-830A-0239C892FCCE}.Debug|x86.ActiveCfg = Debug|Win32
		{5E976B2A-81EE-4F31-830A-0239C892FCCE}.Debug|x86.Build.0 = Debug|Win32
		{5E976B2A-81EE-4F31-830A-0239C892FCCE}.Release|x64.ActiveCfg = Release|x64
		{5E976B2A-81EE-4F31-830A-0239C892FCCE}.Release|x64.Build.0 = Release|x64
		{5E976B2A-81EE-4F31-830A-0239C892FCCE}.Release|x86.ActiveCfg = Release|Win32
		{5E976B2A-81EE-4F31-830A-0239C892FCCE}.Release|x86.Build.0 = Release|Win32
	EndGlobalSection
	GlobalSection(SolutionProperties) = preSolution
		HideSolutionNode = FALSE
	EndGlobalSection
	GlobalSection(ExtensibilityGlobals) = postSolution
		SolutionGuid = {6694900D-BADD-49CC-92E7-FAD3899B3F69}
	EndGlobalSection
EndGlobal
